Microsoft Visual Studio Solution File, Format Version 8.00
Project("{8BC9CEB8-8B4A-11D0-8D11-00A0C91BC942}") = "all", "..\all\all.vcproj", "{9C51E93D-ACAD-44DC-9600-66EFF725FB3F}"
	ProjectSection(ProjectDependencies) = postProject
		{498DE300-007F-4D8D-B280-A1ACA20784A8} = {498DE300-007F-4D8D-B280-A1ACA20784A8}
		{B6EF1001-264C-43BB-8FF9-8F663813E1FC} = {B6EF1001-264C-43BB-8FF9-8F663813E1FC}
		{97D16904-207B-4602-ADC5-4D4D34AA421D} = {97D16904-207B-4602-ADC5-4D4D34AA421D}
		{EA0BB405-25E2-4B31-92D7-97316770F32B} = {EA0BB405-25E2-4B31-92D7-97316770F32B}
		{6EC2E706-4704-4F93-985D-DD0945411ABE} = {6EC2E706-4704-4F93-985D-DD0945411ABE}
		{DDD6E20A-8F64-443D-9428-AFB56715AA6E} = {DDD6E20A-8F64-443D-9428-AFB56715AA6E}
		{2794FD11-F9A6-4145-92DE-A05F5A2E6361} = {2794FD11-F9A6-4145-92DE-A05F5A2E6361}
		{39785814-94C1-4245-AA56-60ED2C0E1F41} = {39785814-94C1-4245-AA56-60ED2C0E1F41}
		{A0C3B415-61DD-4E5A-B724-D13AA64DA645} = {A0C3B415-61DD-4E5A-B724-D13AA64DA645}
		{E0391F1A-B376-4EA1-8C49-521B195DB3D3} = {E0391F1A-B376-4EA1-8C49-521B195DB3D3}
		{FCF25D1B-ED36-46B9-8DA8-2BF8F589C86B} = {FCF25D1B-ED36-46B9-8DA8-2BF8F589C86B}
		{5118991D-8BCF-4FE4-981C-F33C9D500E95} = {5118991D-8BCF-4FE4-981C-F33C9D500E95}
		{2BFBED31-BB63-49EA-A1DD-11A6F3561681} = {2BFBED31-BB63-49EA-A1DD-11A6F3561681}
		{745CE333-57DA-4B3F-B402-1FCACA82D86B} = {745CE333-57DA-4B3F-B402-1FCACA82D86B}
		{055F2F38-D3AB-4A30-A8C6-A7C9A393BB30} = {055F2F38-D3AB-4A30-A8C6-A7C9A393BB30}
		{9CC65742-70A4-49C6-AC96-6C4219F1AB25} = {9CC65742-70A4-49C6-AC96-6C4219F1AB25}
		{577A7D54-8739-45D6-8A49-89C1E84D7E51} = {577A7D54-8739-45D6-8A49-89C1E84D7E51}
		{A57AE857-8899-4599-AC79-D3E1A4DD4EAE} = {A57AE857-8899-4599-AC79-D3E1A4DD4EAE}
		{E0756E58-9FF9-489C-8264-F39BF1A621AC} = {E0756E58-9FF9-489C-8264-F39BF1A621AC}
		{8C0C9368-6222-4D60-BB8E-4BABE95F19CC} = {8C0C9368-6222-4D60-BB8E-4BABE95F19CC}
		{02BD806D-906C-4B4A-98CA-165337BCD533} = {02BD806D-906C-4B4A-98CA-165337BCD533}
		{D0C8AE72-6699-4198-93C3-FCA91A2B274F} = {D0C8AE72-6699-4198-93C3-FCA91A2B274F}
		{CEACCF73-0618-42BB-B6A1-AC25FCB623F5} = {CEACCF73-0618-42BB-B6A1-AC25FCB623F5}
		{9F53E773-C457-4EB0-8228-5C13156127F4} = {9F53E773-C457-4EB0-8228-5C13156127F4}
		{7A073879-92A6-4934-B386-37AF30F27B38} = {7A073879-92A6-4934-B386-37AF30F27B38}
		{61E17285-3FAB-44A5-B556-4626A3322631} = {61E17285-3FAB-44A5-B556-4626A3322631}
		{06005C89-D349-4B29-BFBB-9A3F7CCF18E5} = {06005C89-D349-4B29-BFBB-9A3F7CCF18E5}
		{13D5E98A-50A1-40DF-A992-84CE4B60B16F} = {13D5E98A-50A1-40DF-A992-84CE4B60B16F}
		{450E958D-9F67-4A24-AE37-7E5C0681C2C6} = {450E958D-9F67-4A24-AE37-7E5C0681C2C6}
		{E017F898-A6B6-4ACC-8955-F7E98565E00D} = {E017F898-A6B6-4ACC-8955-F7E98565E00D}
		{68B4F899-795B-4A71-84DE-ACACC49CC9EF} = {68B4F899-795B-4A71-84DE-ACACC49CC9EF}
		{4D24C1A8-67B5-4154-B758-BD9170E92BBF} = {4D24C1A8-67B5-4154-B758-BD9170E92BBF}
		{C6F8C5AB-4166-4653-9792-C04A9CE3CCD5} = {C6F8C5AB-4166-4653-9792-C04A9CE3CCD5}
		{333C38B9-BD2E-4D34-98DD-69E9B5E56ECB} = {333C38B9-BD2E-4D34-98DD-69E9B5E56ECB}
		{D2A218BF-FAB3-4BEA-B288-E357FE003E29} = {D2A218BF-FAB3-4BEA-B288-E357FE003E29}
		{AF7942C6-4E22-4544-B16B-7522DD063EE9} = {AF7942C6-4E22-4544-B16B-7522DD063EE9}
		{B8A3EACB-468E-4F28-BF95-77DD565DD3DC} = {B8A3EACB-468E-4F28-BF95-77DD565DD3DC}
		{2E7781DC-C6A0-445B-A32E-3F18C42EDBFF} = {2E7781DC-C6A0-445B-A32E-3F18C42EDBFF}
		{1328A8EF-E103-4472-8A17-0AA93DC8042E} = {1328A8EF-E103-4472-8A17-0AA93DC8042E}
		{14E44CF2-49E1-4D8E-B23B-28B7824ED6FB} = {14E44CF2-49E1-4D8E-B23B-28B7824ED6FB}
		{5223BCFC-41A4-4758-9DB4-94075FE05C7B} = {5223BCFC-41A4-4758-9DB4-94075FE05C7B}
		{9C2287FD-4991-493F-81A4-41CAA48565CE} = {9C2287FD-4991-493F-81A4-41CAA48565CE}
	EndProjectSection
EndProject
Project("{8BC9CEB8-8B4A-11D0-8D11-00A0C91BC942}") = "asc2g", "..\asc2g\asc2g.vcproj", "{06005C89-D349-4B29-BFBB-9A3F7CCF18E5}"
	ProjectSection(ProjectDependencies) = postProject
		{EA0BB405-25E2-4B31-92D7-97316770F32B} = {EA0BB405-25E2-4B31-92D7-97316770F32B}
		{2794FD11-F9A6-4145-92DE-A05F5A2E6361} = {2794FD11-F9A6-4145-92DE-A05F5A2E6361}
		{5118991D-8BCF-4FE4-981C-F33C9D500E95} = {5118991D-8BCF-4FE4-981C-F33C9D500E95}
		{333C38B9-BD2E-4D34-98DD-69E9B5E56ECB} = {333C38B9-BD2E-4D34-98DD-69E9B5E56ECB}
		{D2A218BF-FAB3-4BEA-B288-E357FE003E29} = {D2A218BF-FAB3-4BEA-B288-E357FE003E29}
		{14E44CF2-49E1-4D8E-B23B-28B7824ED6FB} = {14E44CF2-49E1-4D8E-B23B-28B7824ED6FB}
	EndProjectSection
EndProject
Project("{8BC9CEB8-8B4A-11D0-8D11-00A0C91BC942}") = "fast42g", "..\fast42g\fast42g.vcproj", "{498DE300-007F-4D8D-B280-A1ACA20784A8}"
	ProjectSection(ProjectDependencies) = postProject
		{EA0BB405-25E2-4B31-92D7-97316770F32B} = {EA0BB405-25E2-4B31-92D7-97316770F32B}
		{2794FD11-F9A6-4145-92DE-A05F5A2E6361} = {2794FD11-F9A6-4145-92DE-A05F5A2E6361}
		{5118991D-8BCF-4FE4-981C-F33C9D500E95} = {5118991D-8BCF-4FE4-981C-F33C9D500E95}
		{333C38B9-BD2E-4D34-98DD-69E9B5E56ECB} = {333C38B9-BD2E-4D34-98DD-69E9B5E56ECB}
		{D2A218BF-FAB3-4BEA-B288-E357FE003E29} = {D2A218BF-FAB3-4BEA-B288-E357FE003E29}
		{14E44CF2-49E1-4D8E-B23B-28B7824ED6FB} = {14E44CF2-49E1-4D8E-B23B-28B7824ED6FB}
	EndProjectSection
EndProject
Project("{8BC9CEB8-8B4A-11D0-8D11-00A0C91BC942}") = "fb2pix", "..\fb2pix\fb2pix.vcproj", "{2BFBED31-BB63-49EA-A1DD-11A6F3561681}"
	ProjectSection(ProjectDependencies) = postProject
		{EA0BB405-25E2-4B31-92D7-97316770F32B} = {EA0BB405-25E2-4B31-92D7-97316770F32B}
		{DDD6E20A-8F64-443D-9428-AFB56715AA6E} = {DDD6E20A-8F64-443D-9428-AFB56715AA6E}
		{2794FD11-F9A6-4145-92DE-A05F5A2E6361} = {2794FD11-F9A6-4145-92DE-A05F5A2E6361}
		{A0C3B415-61DD-4E5A-B724-D13AA64DA645} = {A0C3B415-61DD-4E5A-B724-D13AA64DA645}
		{5118991D-8BCF-4FE4-981C-F33C9D500E95} = {5118991D-8BCF-4FE4-981C-F33C9D500E95}
		{D2A218BF-FAB3-4BEA-B288-E357FE003E29} = {D2A218BF-FAB3-4BEA-B288-E357FE003E29}
		{14E44CF2-49E1-4D8E-B23B-28B7824ED6FB} = {14E44CF2-49E1-4D8E-B23B-28B7824ED6FB}
		{9C2287FD-4991-493F-81A4-41CAA48565CE} = {9C2287FD-4991-493F-81A4-41CAA48565CE}
	EndProjectSection
EndProject
Project("{8BC9CEB8-8B4A-11D0-8D11-00A0C91BC942}") = "fb2png", "..\fb2png\fb2png.vcproj", "{5223BCFC-41A4-4758-9DB4-94075FE05C7B}"
	ProjectSection(ProjectDependencies) = postProject
		{EA0BB405-25E2-4B31-92D7-97316770F32B} = {EA0BB405-25E2-4B31-92D7-97316770F32B}
		{DDD6E20A-8F64-443D-9428-AFB56715AA6E} = {DDD6E20A-8F64-443D-9428-AFB56715AA6E}
		{2794FD11-F9A6-4145-92DE-A05F5A2E6361} = {2794FD11-F9A6-4145-92DE-A05F5A2E6361}
		{A0C3B415-61DD-4E5A-B724-D13AA64DA645} = {A0C3B415-61DD-4E5A-B724-D13AA64DA645}
		{5118991D-8BCF-4FE4-981C-F33C9D500E95} = {5118991D-8BCF-4FE4-981C-F33C9D500E95}
		{6C09EE6B-A1A2-4F0D-B7B0-32647987B49A} = {6C09EE6B-A1A2-4F0D-B7B0-32647987B49A}
		{02BD806D-906C-4B4A-98CA-165337BCD533} = {02BD806D-906C-4B4A-98CA-165337BCD533}
		{D2A218BF-FAB3-4BEA-B288-E357FE003E29} = {D2A218BF-FAB3-4BEA-B288-E357FE003E29}
		{14E44CF2-49E1-4D8E-B23B-28B7824ED6FB} = {14E44CF2-49E1-4D8E-B23B-28B7824ED6FB}
		{9C2287FD-4991-493F-81A4-41CAA48565CE} = {9C2287FD-4991-493F-81A4-41CAA48565CE}
	EndProjectSection
EndProject
Project("{8BC9CEB8-8B4A-11D0-8D11-00A0C91BC942}") = "fbclear", "..\fbclear\fbclear.vcproj", "{CEACCF73-0618-42BB-B6A1-AC25FCB623F5}"
	ProjectSection(ProjectDependencies) = postProject
		{DDD6E20A-8F64-443D-9428-AFB56715AA6E} = {DDD6E20A-8F64-443D-9428-AFB56715AA6E}
		{A0C3B415-61DD-4E5A-B724-D13AA64DA645} = {A0C3B415-61DD-4E5A-B724-D13AA64DA645}
	EndProjectSection
EndProject
Project("{8BC9CEB8-8B4A-11D0-8D11-00A0C91BC942}") = "fbserv", "..\fbserv\fbserv.vcproj", "{E0391F1A-B376-4EA1-8C49-521B195DB3D3}"
	ProjectSection(ProjectDependencies) = postProject
		{EA0BB405-25E2-4B31-92D7-97316770F32B} = {EA0BB405-25E2-4B31-92D7-97316770F32B}
		{DDD6E20A-8F64-443D-9428-AFB56715AA6E} = {DDD6E20A-8F64-443D-9428-AFB56715AA6E}
		{2794FD11-F9A6-4145-92DE-A05F5A2E6361} = {2794FD11-F9A6-4145-92DE-A05F5A2E6361}
		{A0C3B415-61DD-4E5A-B724-D13AA64DA645} = {A0C3B415-61DD-4E5A-B724-D13AA64DA645}
		{5118991D-8BCF-4FE4-981C-F33C9D500E95} = {5118991D-8BCF-4FE4-981C-F33C9D500E95}
		{333C38B9-BD2E-4D34-98DD-69E9B5E56ECB} = {333C38B9-BD2E-4D34-98DD-69E9B5E56ECB}
		{D2A218BF-FAB3-4BEA-B288-E357FE003E29} = {D2A218BF-FAB3-4BEA-B288-E357FE003E29}
		{14E44CF2-49E1-4D8E-B23B-28B7824ED6FB} = {14E44CF2-49E1-4D8E-B23B-28B7824ED6FB}
		{9C2287FD-4991-493F-81A4-41CAA48565CE} = {9C2287FD-4991-493F-81A4-41CAA48565CE}
	EndProjectSection
EndProject
Project("{8BC9CEB8-8B4A-11D0-8D11-00A0C91BC942}") = "g2asc", "..\g2asc\g2asc.vcproj", "{745CE333-57DA-4B3F-B402-1FCACA82D86B}"
	ProjectSection(ProjectDependencies) = postProject
		{EA0BB405-25E2-4B31-92D7-97316770F32B} = {EA0BB405-25E2-4B31-92D7-97316770F32B}
		{2794FD11-F9A6-4145-92DE-A05F5A2E6361} = {2794FD11-F9A6-4145-92DE-A05F5A2E6361}
		{5118991D-8BCF-4FE4-981C-F33C9D500E95} = {5118991D-8BCF-4FE4-981C-F33C9D500E95}
		{333C38B9-BD2E-4D34-98DD-69E9B5E56ECB} = {333C38B9-BD2E-4D34-98DD-69E9B5E56ECB}
		{D2A218BF-FAB3-4BEA-B288-E357FE003E29} = {D2A218BF-FAB3-4BEA-B288-E357FE003E29}
		{14E44CF2-49E1-4D8E-B23B-28B7824ED6FB} = {14E44CF2-49E1-4D8E-B23B-28B7824ED6FB}
	EndProjectSection
EndProject
Project("{8BC9CEB8-8B4A-11D0-8D11-00A0C91BC942}") = "g2iges", "..\g2iges\g2iges.vcproj", "{FCF25D1B-ED36-46B9-8DA8-2BF8F589C86B}"
	ProjectSection(ProjectDependencies) = postProject
		{EA0BB405-25E2-4B31-92D7-97316770F32B} = {EA0BB405-25E2-4B31-92D7-97316770F32B}
		{2794FD11-F9A6-4145-92DE-A05F5A2E6361} = {2794FD11-F9A6-4145-92DE-A05F5A2E6361}
		{5118991D-8BCF-4FE4-981C-F33C9D500E95} = {5118991D-8BCF-4FE4-981C-F33C9D500E95}
		{333C38B9-BD2E-4D34-98DD-69E9B5E56ECB} = {333C38B9-BD2E-4D34-98DD-69E9B5E56ECB}
		{D2A218BF-FAB3-4BEA-B288-E357FE003E29} = {D2A218BF-FAB3-4BEA-B288-E357FE003E29}
		{14E44CF2-49E1-4D8E-B23B-28B7824ED6FB} = {14E44CF2-49E1-4D8E-B23B-28B7824ED6FB}
	EndProjectSection
EndProject
Project("{8BC9CEB8-8B4A-11D0-8D11-00A0C91BC942}") = "g2stl", "..\g2stl\g2stl.vcproj", "{B8A3EACB-468E-4F28-BF95-77DD565DD3DC}"
	ProjectSection(ProjectDependencies) = postProject
		{EA0BB405-25E2-4B31-92D7-97316770F32B} = {EA0BB405-25E2-4B31-92D7-97316770F32B}
		{2794FD11-F9A6-4145-92DE-A05F5A2E6361} = {2794FD11-F9A6-4145-92DE-A05F5A2E6361}
		{5118991D-8BCF-4FE4-981C-F33C9D500E95} = {5118991D-8BCF-4FE4-981C-F33C9D500E95}
		{333C38B9-BD2E-4D34-98DD-69E9B5E56ECB} = {333C38B9-BD2E-4D34-98DD-69E9B5E56ECB}
		{D2A218BF-FAB3-4BEA-B288-E357FE003E29} = {D2A218BF-FAB3-4BEA-B288-E357FE003E29}
		{14E44CF2-49E1-4D8E-B23B-28B7824ED6FB} = {14E44CF2-49E1-4D8E-B23B-28B7824ED6FB}
	EndProjectSection
EndProject
Project("{8BC9CEB8-8B4A-11D0-8D11-00A0C91BC942}") = "iges2g", "..\iges2g\iges2g.vcproj", "{1328A8EF-E103-4472-8A17-0AA93DC8042E}"
	ProjectSection(ProjectDependencies) = postProject
		{EA0BB405-25E2-4B31-92D7-97316770F32B} = {EA0BB405-25E2-4B31-92D7-97316770F32B}
		{2794FD11-F9A6-4145-92DE-A05F5A2E6361} = {2794FD11-F9A6-4145-92DE-A05F5A2E6361}
		{5118991D-8BCF-4FE4-981C-F33C9D500E95} = {5118991D-8BCF-4FE4-981C-F33C9D500E95}
		{333C38B9-BD2E-4D34-98DD-69E9B5E56ECB} = {333C38B9-BD2E-4D34-98DD-69E9B5E56ECB}
		{D2A218BF-FAB3-4BEA-B288-E357FE003E29} = {D2A218BF-FAB3-4BEA-B288-E357FE003E29}
		{14E44CF2-49E1-4D8E-B23B-28B7824ED6FB} = {14E44CF2-49E1-4D8E-B23B-28B7824ED6FB}
	EndProjectSection
EndProject
Project("{8BC9CEB8-8B4A-11D0-8D11-00A0C91BC942}") = "itclstub", "..\itclstub\itclstub.vcproj", "{9CC65742-70A4-49C6-AC96-6C4219F1AB25}"
	ProjectSection(ProjectDependencies) = postProject
		{39785814-94C1-4245-AA56-60ED2C0E1F41} = {39785814-94C1-4245-AA56-60ED2C0E1F41}
	EndProjectSection
EndProject
Project("{8BC9CEB8-8B4A-11D0-8D11-00A0C91BC942}") = "itkstub", "..\itkstub\itkstub.vcproj", "{C6F8C5AB-4166-4653-9792-C04A9CE3CCD5}"
	ProjectSection(ProjectDependencies) = postProject
		{E0756E58-9FF9-489C-8264-F39BF1A621AC} = {E0756E58-9FF9-489C-8264-F39BF1A621AC}
	EndProjectSection
EndProject
Project("{8BC9CEB8-8B4A-11D0-8D11-00A0C91BC942}") = "libBLT", "..\libBLT\libBLT.vcproj", "{7A073879-92A6-4934-B386-37AF30F27B38}"
	ProjectSection(ProjectDependencies) = postProject
		{5118991D-8BCF-4FE4-981C-F33C9D500E95} = {5118991D-8BCF-4FE4-981C-F33C9D500E95}
		{9C2287FD-4991-493F-81A4-41CAA48565CE} = {9C2287FD-4991-493F-81A4-41CAA48565CE}
	EndProjectSection
EndProject
Project("{8BC9CEB8-8B4A-11D0-8D11-00A0C91BC942}") = "libItcl", "..\libItcl\libItcl.vcproj", "{39785814-94C1-4245-AA56-60ED2C0E1F41}"
	ProjectSection(ProjectDependencies) = postProject
		{97D16904-207B-4602-ADC5-4D4D34AA421D} = {97D16904-207B-4602-ADC5-4D4D34AA421D}
	EndProjectSection
EndProject
Project("{8BC9CEB8-8B4A-11D0-8D11-00A0C91BC942}") = "libItk", "..\libItk\libItk.vcproj", "{E0756E58-9FF9-489C-8264-F39BF1A621AC}"
	ProjectSection(ProjectDependencies) = postProject
		{97D16904-207B-4602-ADC5-4D4D34AA421D} = {97D16904-207B-4602-ADC5-4D4D34AA421D}
		{9CC65742-70A4-49C6-AC96-6C4219F1AB25} = {9CC65742-70A4-49C6-AC96-6C4219F1AB25}
		{9C2287FD-4991-493F-81A4-41CAA48565CE} = {9C2287FD-4991-493F-81A4-41CAA48565CE}
	EndProjectSection
EndProject
Project("{8BC9CEB8-8B4A-11D0-8D11-00A0C91BC942}") = "libbn", "..\libbn\libbn.vcproj", "{2794FD11-F9A6-4145-92DE-A05F5A2E6361}"
	ProjectSection(ProjectDependencies) = postProject
		{5118991D-8BCF-4FE4-981C-F33C9D500E95} = {5118991D-8BCF-4FE4-981C-F33C9D500E95}
		{D2A218BF-FAB3-4BEA-B288-E357FE003E29} = {D2A218BF-FAB3-4BEA-B288-E357FE003E29}
	EndProjectSection
EndProject
Project("{8BC9CEB8-8B4A-11D0-8D11-00A0C91BC942}") = "libbu", "..\libbu\libbu.vcproj", "{D2A218BF-FAB3-4BEA-B288-E357FE003E29}"
	ProjectSection(ProjectDependencies) = postProject
		{5118991D-8BCF-4FE4-981C-F33C9D500E95} = {5118991D-8BCF-4FE4-981C-F33C9D500E95}
		{6C09EE6B-A1A2-4F0D-B7B0-32647987B49A} = {6C09EE6B-A1A2-4F0D-B7B0-32647987B49A}
		{02BD806D-906C-4B4A-98CA-165337BCD533} = {02BD806D-906C-4B4A-98CA-165337BCD533}
	EndProjectSection
EndProject
Project("{8BC9CEB8-8B4A-11D0-8D11-00A0C91BC942}") = "libdm", "..\libdm\libdm.vcproj", "{13D5E98A-50A1-40DF-A992-84CE4B60B16F}"
	ProjectSection(ProjectDependencies) = postProject
		{EA0BB405-25E2-4B31-92D7-97316770F32B} = {EA0BB405-25E2-4B31-92D7-97316770F32B}
		{2794FD11-F9A6-4145-92DE-A05F5A2E6361} = {2794FD11-F9A6-4145-92DE-A05F5A2E6361}
		{A0C3B415-61DD-4E5A-B724-D13AA64DA645} = {A0C3B415-61DD-4E5A-B724-D13AA64DA645}
		{5118991D-8BCF-4FE4-981C-F33C9D500E95} = {5118991D-8BCF-4FE4-981C-F33C9D500E95}
		{D2A218BF-FAB3-4BEA-B288-E357FE003E29} = {D2A218BF-FAB3-4BEA-B288-E357FE003E29}
		{14E44CF2-49E1-4D8E-B23B-28B7824ED6FB} = {14E44CF2-49E1-4D8E-B23B-28B7824ED6FB}
		{9C2287FD-4991-493F-81A4-41CAA48565CE} = {9C2287FD-4991-493F-81A4-41CAA48565CE}
	EndProjectSection
EndProject
Project("{8BC9CEB8-8B4A-11D0-8D11-00A0C91BC942}") = "libfb", "..\libfb\libfb.vcproj", "{A0C3B415-61DD-4E5A-B724-D13AA64DA645}"
	ProjectSection(ProjectDependencies) = postProject
		{DDD6E20A-8F64-443D-9428-AFB56715AA6E} = {DDD6E20A-8F64-443D-9428-AFB56715AA6E}
		{5118991D-8BCF-4FE4-981C-F33C9D500E95} = {5118991D-8BCF-4FE4-981C-F33C9D500E95}
		{D2A218BF-FAB3-4BEA-B288-E357FE003E29} = {D2A218BF-FAB3-4BEA-B288-E357FE003E29}
		{9C2287FD-4991-493F-81A4-41CAA48565CE} = {9C2287FD-4991-493F-81A4-41CAA48565CE}
	EndProjectSection
EndProject
Project("{8BC9CEB8-8B4A-11D0-8D11-00A0C91BC942}") = "liboptical", "..\liboptical\liboptical.vcproj", "{E017F898-A6B6-4ACC-8955-F7E98565E00D}"
	ProjectSection(ProjectDependencies) = postProject
		{EA0BB405-25E2-4B31-92D7-97316770F32B} = {EA0BB405-25E2-4B31-92D7-97316770F32B}
		{2794FD11-F9A6-4145-92DE-A05F5A2E6361} = {2794FD11-F9A6-4145-92DE-A05F5A2E6361}
		{5118991D-8BCF-4FE4-981C-F33C9D500E95} = {5118991D-8BCF-4FE4-981C-F33C9D500E95}
		{D2A218BF-FAB3-4BEA-B288-E357FE003E29} = {D2A218BF-FAB3-4BEA-B288-E357FE003E29}
		{14E44CF2-49E1-4D8E-B23B-28B7824ED6FB} = {14E44CF2-49E1-4D8E-B23B-28B7824ED6FB}
	EndProjectSection
EndProject
Project("{8BC9CEB8-8B4A-11D0-8D11-00A0C91BC942}") = "libpkg", "..\libpkg\libpkg.vcproj", "{DDD6E20A-8F64-443D-9428-AFB56715AA6E}"
	ProjectSection(ProjectDependencies) = postProject
		{5118991D-8BCF-4FE4-981C-F33C9D500E95} = {5118991D-8BCF-4FE4-981C-F33C9D500E95}
		{D2A218BF-FAB3-4BEA-B288-E357FE003E29} = {D2A218BF-FAB3-4BEA-B288-E357FE003E29}
	EndProjectSection
EndProject
Project("{8BC9CEB8-8B4A-11D0-8D11-00A0C91BC942}") = "librt", "..\librt\librt.vcproj", "{EA0BB405-25E2-4B31-92D7-97316770F32B}"
	ProjectSection(ProjectDependencies) = postProject
		{2794FD11-F9A6-4145-92DE-A05F5A2E6361} = {2794FD11-F9A6-4145-92DE-A05F5A2E6361}
		{5118991D-8BCF-4FE4-981C-F33C9D500E95} = {5118991D-8BCF-4FE4-981C-F33C9D500E95}
		{D2A218BF-FAB3-4BEA-B288-E357FE003E29} = {D2A218BF-FAB3-4BEA-B288-E357FE003E29}
		{14E44CF2-49E1-4D8E-B23B-28B7824ED6FB} = {14E44CF2-49E1-4D8E-B23B-28B7824ED6FB}
	EndProjectSection
EndProject
Project("{8BC9CEB8-8B4A-11D0-8D11-00A0C91BC942}") = "libsysv", "..\libsysv\libsysv.vcproj", "{14E44CF2-49E1-4D8E-B23B-28B7824ED6FB}"
	ProjectSection(ProjectDependencies) = postProject
		{5118991D-8BCF-4FE4-981C-F33C9D500E95} = {5118991D-8BCF-4FE4-981C-F33C9D500E95}
		{D2A218BF-FAB3-4BEA-B288-E357FE003E29} = {D2A218BF-FAB3-4BEA-B288-E357FE003E29}
	EndProjectSection
EndProject
Project("{8BC9CEB8-8B4A-11D0-8D11-00A0C91BC942}") = "libtcl", "..\libtcl\libtcl.vcproj", "{5118991D-8BCF-4FE4-981C-F33C9D500E95}"
	ProjectSection(ProjectDependencies) = postProject
	EndProjectSection
EndProject
Project("{8BC9CEB8-8B4A-11D0-8D11-00A0C91BC942}") = "libtclcad", "..\libtclcad\libtclcad.vcproj", "{2E7781DC-C6A0-445B-A32E-3F18C42EDBFF}"
	ProjectSection(ProjectDependencies) = postProject
		{EA0BB405-25E2-4B31-92D7-97316770F32B} = {EA0BB405-25E2-4B31-92D7-97316770F32B}
		{2794FD11-F9A6-4145-92DE-A05F5A2E6361} = {2794FD11-F9A6-4145-92DE-A05F5A2E6361}
		{5118991D-8BCF-4FE4-981C-F33C9D500E95} = {5118991D-8BCF-4FE4-981C-F33C9D500E95}
		{D2A218BF-FAB3-4BEA-B288-E357FE003E29} = {D2A218BF-FAB3-4BEA-B288-E357FE003E29}
		{14E44CF2-49E1-4D8E-B23B-28B7824ED6FB} = {14E44CF2-49E1-4D8E-B23B-28B7824ED6FB}
		{9C2287FD-4991-493F-81A4-41CAA48565CE} = {9C2287FD-4991-493F-81A4-41CAA48565CE}
	EndProjectSection
EndProject
Project("{8BC9CEB8-8B4A-11D0-8D11-00A0C91BC942}") = "libtk", "..\libtk\libtk.vcproj", "{9C2287FD-4991-493F-81A4-41CAA48565CE}"
	ProjectSection(ProjectDependencies) = postProject
		{97D16904-207B-4602-ADC5-4D4D34AA421D} = {97D16904-207B-4602-ADC5-4D4D34AA421D}
	EndProjectSection
EndProject
Project("{8BC9CEB8-8B4A-11D0-8D11-00A0C91BC942}") = "libwdb", "..\libwdb\libwdb.vcproj", "{333C38B9-BD2E-4D34-98DD-69E9B5E56ECB}"
	ProjectSection(ProjectDependencies) = postProject
		{EA0BB405-25E2-4B31-92D7-97316770F32B} = {EA0BB405-25E2-4B31-92D7-97316770F32B}
		{2794FD11-F9A6-4145-92DE-A05F5A2E6361} = {2794FD11-F9A6-4145-92DE-A05F5A2E6361}
		{5118991D-8BCF-4FE4-981C-F33C9D500E95} = {5118991D-8BCF-4FE4-981C-F33C9D500E95}
		{D2A218BF-FAB3-4BEA-B288-E357FE003E29} = {D2A218BF-FAB3-4BEA-B288-E357FE003E29}
	EndProjectSection
EndProject
Project("{8BC9CEB8-8B4A-11D0-8D11-00A0C91BC942}") = "libz", "..\libz\libz.vcproj", "{02BD806D-906C-4B4A-98CA-165337BCD533}"
	ProjectSection(ProjectDependencies) = postProject
		{97D16904-207B-4602-ADC5-4D4D34AA421D} = {97D16904-207B-4602-ADC5-4D4D34AA421D}
		{5118991D-8BCF-4FE4-981C-F33C9D500E95} = {5118991D-8BCF-4FE4-981C-F33C9D500E95}
	EndProjectSection
EndProject
Project("{8BC9CEB8-8B4A-11D0-8D11-00A0C91BC942}") = "mged", "..\mged\mged.vcproj", "{577A7D54-8739-45D6-8A49-89C1E84D7E51}"
	ProjectSection(ProjectDependencies) = postProject
		{EA0BB405-25E2-4B31-92D7-97316770F32B} = {EA0BB405-25E2-4B31-92D7-97316770F32B}
		{DDD6E20A-8F64-443D-9428-AFB56715AA6E} = {DDD6E20A-8F64-443D-9428-AFB56715AA6E}
		{2794FD11-F9A6-4145-92DE-A05F5A2E6361} = {2794FD11-F9A6-4145-92DE-A05F5A2E6361}
		{39785814-94C1-4245-AA56-60ED2C0E1F41} = {39785814-94C1-4245-AA56-60ED2C0E1F41}
		{A0C3B415-61DD-4E5A-B724-D13AA64DA645} = {A0C3B415-61DD-4E5A-B724-D13AA64DA645}
		{5118991D-8BCF-4FE4-981C-F33C9D500E95} = {5118991D-8BCF-4FE4-981C-F33C9D500E95}
		{E0756E58-9FF9-489C-8264-F39BF1A621AC} = {E0756E58-9FF9-489C-8264-F39BF1A621AC}
		{6C09EE6B-A1A2-4F0D-B7B0-32647987B49A} = {6C09EE6B-A1A2-4F0D-B7B0-32647987B49A}
		{02BD806D-906C-4B4A-98CA-165337BCD533} = {02BD806D-906C-4B4A-98CA-165337BCD533}
		{13D5E98A-50A1-40DF-A992-84CE4B60B16F} = {13D5E98A-50A1-40DF-A992-84CE4B60B16F}
		{E017F898-A6B6-4ACC-8955-F7E98565E00D} = {E017F898-A6B6-4ACC-8955-F7E98565E00D}
		{333C38B9-BD2E-4D34-98DD-69E9B5E56ECB} = {333C38B9-BD2E-4D34-98DD-69E9B5E56ECB}
		{D2A218BF-FAB3-4BEA-B288-E357FE003E29} = {D2A218BF-FAB3-4BEA-B288-E357FE003E29}
		{2E7781DC-C6A0-445B-A32E-3F18C42EDBFF} = {2E7781DC-C6A0-445B-A32E-3F18C42EDBFF}
		{14E44CF2-49E1-4D8E-B23B-28B7824ED6FB} = {14E44CF2-49E1-4D8E-B23B-28B7824ED6FB}
		{9C2287FD-4991-493F-81A4-41CAA48565CE} = {9C2287FD-4991-493F-81A4-41CAA48565CE}
	EndProjectSection
EndProject
Project("{8BC9CEB8-8B4A-11D0-8D11-00A0C91BC942}") = "nirt", "..\nirt\nirt.vcproj", "{D0C8AE72-6699-4198-93C3-FCA91A2B274F}"
	ProjectSection(ProjectDependencies) = postProject
		{EA0BB405-25E2-4B31-92D7-97316770F32B} = {EA0BB405-25E2-4B31-92D7-97316770F32B}
		{2794FD11-F9A6-4145-92DE-A05F5A2E6361} = {2794FD11-F9A6-4145-92DE-A05F5A2E6361}
		{A0C3B415-61DD-4E5A-B724-D13AA64DA645} = {A0C3B415-61DD-4E5A-B724-D13AA64DA645}
		{5118991D-8BCF-4FE4-981C-F33C9D500E95} = {5118991D-8BCF-4FE4-981C-F33C9D500E95}
		{D2A218BF-FAB3-4BEA-B288-E357FE003E29} = {D2A218BF-FAB3-4BEA-B288-E357FE003E29}
		{14E44CF2-49E1-4D8E-B23B-28B7824ED6FB} = {14E44CF2-49E1-4D8E-B23B-28B7824ED6FB}
	EndProjectSection
EndProject
Project("{8BC9CEB8-8B4A-11D0-8D11-00A0C91BC942}") = "pix2fb", "..\pix2fb\pix2fb.vcproj", "{9F53E773-C457-4EB0-8228-5C13156127F4}"
	ProjectSection(ProjectDependencies) = postProject
		{EA0BB405-25E2-4B31-92D7-97316770F32B} = {EA0BB405-25E2-4B31-92D7-97316770F32B}
		{DDD6E20A-8F64-443D-9428-AFB56715AA6E} = {DDD6E20A-8F64-443D-9428-AFB56715AA6E}
		{2794FD11-F9A6-4145-92DE-A05F5A2E6361} = {2794FD11-F9A6-4145-92DE-A05F5A2E6361}
		{A0C3B415-61DD-4E5A-B724-D13AA64DA645} = {A0C3B415-61DD-4E5A-B724-D13AA64DA645}
		{5118991D-8BCF-4FE4-981C-F33C9D500E95} = {5118991D-8BCF-4FE4-981C-F33C9D500E95}
		{D2A218BF-FAB3-4BEA-B288-E357FE003E29} = {D2A218BF-FAB3-4BEA-B288-E357FE003E29}
		{14E44CF2-49E1-4D8E-B23B-28B7824ED6FB} = {14E44CF2-49E1-4D8E-B23B-28B7824ED6FB}
		{9C2287FD-4991-493F-81A4-41CAA48565CE} = {9C2287FD-4991-493F-81A4-41CAA48565CE}
	EndProjectSection
EndProject
Project("{8BC9CEB8-8B4A-11D0-8D11-00A0C91BC942}") = "png2fb", "..\png2fb\png2fb.vcproj", "{6EC2E706-4704-4F93-985D-DD0945411ABE}"
	ProjectSection(ProjectDependencies) = postProject
		{EA0BB405-25E2-4B31-92D7-97316770F32B} = {EA0BB405-25E2-4B31-92D7-97316770F32B}
		{DDD6E20A-8F64-443D-9428-AFB56715AA6E} = {DDD6E20A-8F64-443D-9428-AFB56715AA6E}
		{2794FD11-F9A6-4145-92DE-A05F5A2E6361} = {2794FD11-F9A6-4145-92DE-A05F5A2E6361}
		{A0C3B415-61DD-4E5A-B724-D13AA64DA645} = {A0C3B415-61DD-4E5A-B724-D13AA64DA645}
		{5118991D-8BCF-4FE4-981C-F33C9D500E95} = {5118991D-8BCF-4FE4-981C-F33C9D500E95}
		{6C09EE6B-A1A2-4F0D-B7B0-32647987B49A} = {6C09EE6B-A1A2-4F0D-B7B0-32647987B49A}
		{02BD806D-906C-4B4A-98CA-165337BCD533} = {02BD806D-906C-4B4A-98CA-165337BCD533}
		{D2A218BF-FAB3-4BEA-B288-E357FE003E29} = {D2A218BF-FAB3-4BEA-B288-E357FE003E29}
		{14E44CF2-49E1-4D8E-B23B-28B7824ED6FB} = {14E44CF2-49E1-4D8E-B23B-28B7824ED6FB}
		{9C2287FD-4991-493F-81A4-41CAA48565CE} = {9C2287FD-4991-493F-81A4-41CAA48565CE}
	EndProjectSection
EndProject
Project("{8BC9CEB8-8B4A-11D0-8D11-00A0C91BC942}") = "rt", "..\rt\rt.vcproj", "{8C0C9368-6222-4D60-BB8E-4BABE95F19CC}"
	ProjectSection(ProjectDependencies) = postProject
		{EA0BB405-25E2-4B31-92D7-97316770F32B} = {EA0BB405-25E2-4B31-92D7-97316770F32B}
		{DDD6E20A-8F64-443D-9428-AFB56715AA6E} = {DDD6E20A-8F64-443D-9428-AFB56715AA6E}
		{2794FD11-F9A6-4145-92DE-A05F5A2E6361} = {2794FD11-F9A6-4145-92DE-A05F5A2E6361}
		{A0C3B415-61DD-4E5A-B724-D13AA64DA645} = {A0C3B415-61DD-4E5A-B724-D13AA64DA645}
		{5118991D-8BCF-4FE4-981C-F33C9D500E95} = {5118991D-8BCF-4FE4-981C-F33C9D500E95}
		{E017F898-A6B6-4ACC-8955-F7E98565E00D} = {E017F898-A6B6-4ACC-8955-F7E98565E00D}
		{D2A218BF-FAB3-4BEA-B288-E357FE003E29} = {D2A218BF-FAB3-4BEA-B288-E357FE003E29}
		{14E44CF2-49E1-4D8E-B23B-28B7824ED6FB} = {14E44CF2-49E1-4D8E-B23B-28B7824ED6FB}
	EndProjectSection
EndProject
Project("{8BC9CEB8-8B4A-11D0-8D11-00A0C91BC942}") = "rtcheck", "..\rtcheck\rtcheck.vcproj", "{68B4F899-795B-4A71-84DE-ACACC49CC9EF}"
	ProjectSection(ProjectDependencies) = postProject
		{EA0BB405-25E2-4B31-92D7-97316770F32B} = {EA0BB405-25E2-4B31-92D7-97316770F32B}
		{DDD6E20A-8F64-443D-9428-AFB56715AA6E} = {DDD6E20A-8F64-443D-9428-AFB56715AA6E}
		{2794FD11-F9A6-4145-92DE-A05F5A2E6361} = {2794FD11-F9A6-4145-92DE-A05F5A2E6361}
		{A0C3B415-61DD-4E5A-B724-D13AA64DA645} = {A0C3B415-61DD-4E5A-B724-D13AA64DA645}
		{5118991D-8BCF-4FE4-981C-F33C9D500E95} = {5118991D-8BCF-4FE4-981C-F33C9D500E95}
		{E017F898-A6B6-4ACC-8955-F7E98565E00D} = {E017F898-A6B6-4ACC-8955-F7E98565E00D}
		{D2A218BF-FAB3-4BEA-B288-E357FE003E29} = {D2A218BF-FAB3-4BEA-B288-E357FE003E29}
		{14E44CF2-49E1-4D8E-B23B-28B7824ED6FB} = {14E44CF2-49E1-4D8E-B23B-28B7824ED6FB}
	EndProjectSection
EndProject
Project("{8BC9CEB8-8B4A-11D0-8D11-00A0C91BC942}") = "rtedge", "..\rtedge\rtedge.vcproj", "{4D24C1A8-67B5-4154-B758-BD9170E92BBF}"
	ProjectSection(ProjectDependencies) = postProject
		{EA0BB405-25E2-4B31-92D7-97316770F32B} = {EA0BB405-25E2-4B31-92D7-97316770F32B}
		{DDD6E20A-8F64-443D-9428-AFB56715AA6E} = {DDD6E20A-8F64-443D-9428-AFB56715AA6E}
		{2794FD11-F9A6-4145-92DE-A05F5A2E6361} = {2794FD11-F9A6-4145-92DE-A05F5A2E6361}
		{A0C3B415-61DD-4E5A-B724-D13AA64DA645} = {A0C3B415-61DD-4E5A-B724-D13AA64DA645}
		{5118991D-8BCF-4FE4-981C-F33C9D500E95} = {5118991D-8BCF-4FE4-981C-F33C9D500E95}
		{E017F898-A6B6-4ACC-8955-F7E98565E00D} = {E017F898-A6B6-4ACC-8955-F7E98565E00D}
		{D2A218BF-FAB3-4BEA-B288-E357FE003E29} = {D2A218BF-FAB3-4BEA-B288-E357FE003E29}
		{14E44CF2-49E1-4D8E-B23B-28B7824ED6FB} = {14E44CF2-49E1-4D8E-B23B-28B7824ED6FB}
	EndProjectSection
EndProject
Project("{8BC9CEB8-8B4A-11D0-8D11-00A0C91BC942}") = "stl2g", "..\stl2g\stl2g.vcproj", "{AF7942C6-4E22-4544-B16B-7522DD063EE9}"
	ProjectSection(ProjectDependencies) = postProject
		{EA0BB405-25E2-4B31-92D7-97316770F32B} = {EA0BB405-25E2-4B31-92D7-97316770F32B}
		{2794FD11-F9A6-4145-92DE-A05F5A2E6361} = {2794FD11-F9A6-4145-92DE-A05F5A2E6361}
		{5118991D-8BCF-4FE4-981C-F33C9D500E95} = {5118991D-8BCF-4FE4-981C-F33C9D500E95}
		{333C38B9-BD2E-4D34-98DD-69E9B5E56ECB} = {333C38B9-BD2E-4D34-98DD-69E9B5E56ECB}
		{D2A218BF-FAB3-4BEA-B288-E357FE003E29} = {D2A218BF-FAB3-4BEA-B288-E357FE003E29}
		{14E44CF2-49E1-4D8E-B23B-28B7824ED6FB} = {14E44CF2-49E1-4D8E-B23B-28B7824ED6FB}
	EndProjectSection
EndProject
Project("{8BC9CEB8-8B4A-11D0-8D11-00A0C91BC942}") = "tclpipe", "..\tclpipe\tclpipe.vcproj", "{450E958D-9F67-4A24-AE37-7E5C0681C2C6}"
	ProjectSection(ProjectDependencies) = postProject
	EndProjectSection
EndProject
Project("{8BC9CEB8-8B4A-11D0-8D11-00A0C91BC942}") = "tclsh", "..\tclsh\tclsh.vcproj", "{B6EF1001-264C-43BB-8FF9-8F663813E1FC}"
	ProjectSection(ProjectDependencies) = postProject
		{5118991D-8BCF-4FE4-981C-F33C9D500E95} = {5118991D-8BCF-4FE4-981C-F33C9D500E95}
	EndProjectSection
EndProject
Project("{8BC9CEB8-8B4A-11D0-8D11-00A0C91BC942}") = "tclstub", "..\tclstub\tclstub.vcproj", "{97D16904-207B-4602-ADC5-4D4D34AA421D}"
	ProjectSection(ProjectDependencies) = postProject
		{5118991D-8BCF-4FE4-981C-F33C9D500E95} = {5118991D-8BCF-4FE4-981C-F33C9D500E95}
	EndProjectSection
EndProject
Project("{8BC9CEB8-8B4A-11D0-8D11-00A0C91BC942}") = "tkimg", "..\tkimg\tkimg.vcproj", "{61E17285-3FAB-44A5-B556-4626A3322631}"
	ProjectSection(ProjectDependencies) = postProject
		{97D16904-207B-4602-ADC5-4D4D34AA421D} = {97D16904-207B-4602-ADC5-4D4D34AA421D}
		{5118991D-8BCF-4FE4-981C-F33C9D500E95} = {5118991D-8BCF-4FE4-981C-F33C9D500E95}
		{6C09EE6B-A1A2-4F0D-B7B0-32647987B49A} = {6C09EE6B-A1A2-4F0D-B7B0-32647987B49A}
		{02BD806D-906C-4B4A-98CA-165337BCD533} = {02BD806D-906C-4B4A-98CA-165337BCD533}
		{9C2287FD-4991-493F-81A4-41CAA48565CE} = {9C2287FD-4991-493F-81A4-41CAA48565CE}
	EndProjectSection
EndProject
Project("{8BC9CEB8-8B4A-11D0-8D11-00A0C91BC942}") = "tkstub", "..\tkstub\tkstub.vcproj", "{055F2F38-D3AB-4A30-A8C6-A7C9A393BB30}"
	ProjectSection(ProjectDependencies) = postProject
		{9C2287FD-4991-493F-81A4-41CAA48565CE} = {9C2287FD-4991-493F-81A4-41CAA48565CE}
	EndProjectSection
EndProject
Project("{8BC9CEB8-8B4A-11D0-8D11-00A0C91BC942}") = "wish", "..\wish\wish.vcproj", "{A57AE857-8899-4599-AC79-D3E1A4DD4EAE}"
	ProjectSection(ProjectDependencies) = postProject
		{5118991D-8BCF-4FE4-981C-F33C9D500E95} = {5118991D-8BCF-4FE4-981C-F33C9D500E95}
		{9C2287FD-4991-493F-81A4-41CAA48565CE} = {9C2287FD-4991-493F-81A4-41CAA48565CE}
	EndProjectSection
EndProject
Project("{8BC9CEB8-8B4A-11D0-8D11-00A0C91BC942}") = "dbupgrade", "..\dbupgrade\dbupgrade.vcproj", "{205D4C24-C72D-4269-88A4-8C04595436BC}"
	ProjectSection(ProjectDependencies) = postProject
		{EA0BB405-25E2-4B31-92D7-97316770F32B} = {EA0BB405-25E2-4B31-92D7-97316770F32B}
		{2794FD11-F9A6-4145-92DE-A05F5A2E6361} = {2794FD11-F9A6-4145-92DE-A05F5A2E6361}
		{5118991D-8BCF-4FE4-981C-F33C9D500E95} = {5118991D-8BCF-4FE4-981C-F33C9D500E95}
		{333C38B9-BD2E-4D34-98DD-69E9B5E56ECB} = {333C38B9-BD2E-4D34-98DD-69E9B5E56ECB}
		{D2A218BF-FAB3-4BEA-B288-E357FE003E29} = {D2A218BF-FAB3-4BEA-B288-E357FE003E29}
		{14E44CF2-49E1-4D8E-B23B-28B7824ED6FB} = {14E44CF2-49E1-4D8E-B23B-28B7824ED6FB}
	EndProjectSection
EndProject
Project("{8BC9CEB8-8B4A-11D0-8D11-00A0C91BC942}") = "libpng", "..\libpng\libpng.vcproj", "{6C09EE6B-A1A2-4F0D-B7B0-32647987B49A}"
	ProjectSection(ProjectDependencies) = postProject
		{97D16904-207B-4602-ADC5-4D4D34AA421D} = {97D16904-207B-4602-ADC5-4D4D34AA421D}
		{5118991D-8BCF-4FE4-981C-F33C9D500E95} = {5118991D-8BCF-4FE4-981C-F33C9D500E95}
		{02BD806D-906C-4B4A-98CA-165337BCD533} = {02BD806D-906C-4B4A-98CA-165337BCD533}
	EndProjectSection
EndProject
Project("{8BC9CEB8-8B4A-11D0-8D11-00A0C91BC942}") = "libregex", "..\libregex\libregex.vcproj", "{DCF397A2-A67E-45CA-9087-840BC223C3DD}"
	ProjectSection(ProjectDependencies) = postProject
	EndProjectSection
EndProject
Project("{8BC9CEB8-8B4A-11D0-8D11-00A0C91BC942}") = "rtg3", "..\rtg3\rtg3.vcproj", "{34145676-AEA6-459F-BCC1-6E7C72D6B394}"
	ProjectSection(ProjectDependencies) = postProject
	EndProjectSection
EndProject
Global
	GlobalSection(SolutionConfiguration) = preSolution
		Debug = Debug
		Release = Release
	EndGlobalSection
	GlobalSection(ProjectConfiguration) = postSolution
		{9C51E93D-ACAD-44DC-9600-66EFF725FB3F}.Debug.ActiveCfg = Debug|Win32
		{9C51E93D-ACAD-44DC-9600-66EFF725FB3F}.Debug.Build.0 = Debug|Win32
		{9C51E93D-ACAD-44DC-9600-66EFF725FB3F}.Release.ActiveCfg = Release|Win32
		{9C51E93D-ACAD-44DC-9600-66EFF725FB3F}.Release.Build.0 = Release|Win32
		{06005C89-D349-4B29-BFBB-9A3F7CCF18E5}.Debug.ActiveCfg = Debug|Win32
		{06005C89-D349-4B29-BFBB-9A3F7CCF18E5}.Debug.Build.0 = Debug|Win32
		{06005C89-D349-4B29-BFBB-9A3F7CCF18E5}.Release.ActiveCfg = Release|Win32
		{06005C89-D349-4B29-BFBB-9A3F7CCF18E5}.Release.Build.0 = Release|Win32
		{498DE300-007F-4D8D-B280-A1ACA20784A8}.Debug.ActiveCfg = Debug|Win32
		{498DE300-007F-4D8D-B280-A1ACA20784A8}.Debug.Build.0 = Debug|Win32
		{498DE300-007F-4D8D-B280-A1ACA20784A8}.Release.ActiveCfg = Release|Win32
		{498DE300-007F-4D8D-B280-A1ACA20784A8}.Release.Build.0 = Release|Win32
		{2BFBED31-BB63-49EA-A1DD-11A6F3561681}.Debug.ActiveCfg = Debug|Win32
		{2BFBED31-BB63-49EA-A1DD-11A6F3561681}.Debug.Build.0 = Debug|Win32
		{2BFBED31-BB63-49EA-A1DD-11A6F3561681}.Release.ActiveCfg = Release|Win32
		{2BFBED31-BB63-49EA-A1DD-11A6F3561681}.Release.Build.0 = Release|Win32
		{5223BCFC-41A4-4758-9DB4-94075FE05C7B}.Debug.ActiveCfg = Debug|Win32
		{5223BCFC-41A4-4758-9DB4-94075FE05C7B}.Debug.Build.0 = Debug|Win32
		{5223BCFC-41A4-4758-9DB4-94075FE05C7B}.Release.ActiveCfg = Release|Win32
		{5223BCFC-41A4-4758-9DB4-94075FE05C7B}.Release.Build.0 = Release|Win32
		{CEACCF73-0618-42BB-B6A1-AC25FCB623F5}.Debug.ActiveCfg = Debug|Win32
		{CEACCF73-0618-42BB-B6A1-AC25FCB623F5}.Debug.Build.0 = Debug|Win32
		{CEACCF73-0618-42BB-B6A1-AC25FCB623F5}.Release.ActiveCfg = Release|Win32
		{CEACCF73-0618-42BB-B6A1-AC25FCB623F5}.Release.Build.0 = Release|Win32
		{E0391F1A-B376-4EA1-8C49-521B195DB3D3}.Debug.ActiveCfg = Debug|Win32
		{E0391F1A-B376-4EA1-8C49-521B195DB3D3}.Debug.Build.0 = Debug|Win32
		{E0391F1A-B376-4EA1-8C49-521B195DB3D3}.Release.ActiveCfg = Release|Win32
		{E0391F1A-B376-4EA1-8C49-521B195DB3D3}.Release.Build.0 = Release|Win32
		{745CE333-57DA-4B3F-B402-1FCACA82D86B}.Debug.ActiveCfg = Debug|Win32
		{745CE333-57DA-4B3F-B402-1FCACA82D86B}.Debug.Build.0 = Debug|Win32
		{745CE333-57DA-4B3F-B402-1FCACA82D86B}.Release.ActiveCfg = Release|Win32
		{745CE333-57DA-4B3F-B402-1FCACA82D86B}.Release.Build.0 = Release|Win32
		{FCF25D1B-ED36-46B9-8DA8-2BF8F589C86B}.Debug.ActiveCfg = Debug|Win32
		{FCF25D1B-ED36-46B9-8DA8-2BF8F589C86B}.Debug.Build.0 = Debug|Win32
		{FCF25D1B-ED36-46B9-8DA8-2BF8F589C86B}.Release.ActiveCfg = Release|Win32
		{FCF25D1B-ED36-46B9-8DA8-2BF8F589C86B}.Release.Build.0 = Release|Win32
		{B8A3EACB-468E-4F28-BF95-77DD565DD3DC}.Debug.ActiveCfg = Debug|Win32
		{B8A3EACB-468E-4F28-BF95-77DD565DD3DC}.Debug.Build.0 = Debug|Win32
		{B8A3EACB-468E-4F28-BF95-77DD565DD3DC}.Release.ActiveCfg = Release|Win32
		{B8A3EACB-468E-4F28-BF95-77DD565DD3DC}.Release.Build.0 = Release|Win32
		{1328A8EF-E103-4472-8A17-0AA93DC8042E}.Debug.ActiveCfg = Debug|Win32
		{1328A8EF-E103-4472-8A17-0AA93DC8042E}.Debug.Build.0 = Debug|Win32
		{1328A8EF-E103-4472-8A17-0AA93DC8042E}.Release.ActiveCfg = Release|Win32
		{1328A8EF-E103-4472-8A17-0AA93DC8042E}.Release.Build.0 = Release|Win32
		{9CC65742-70A4-49C6-AC96-6C4219F1AB25}.Debug.ActiveCfg = Debug|Win32
		{9CC65742-70A4-49C6-AC96-6C4219F1AB25}.Debug.Build.0 = Debug|Win32
		{9CC65742-70A4-49C6-AC96-6C4219F1AB25}.Release.ActiveCfg = Release|Win32
		{9CC65742-70A4-49C6-AC96-6C4219F1AB25}.Release.Build.0 = Release|Win32
		{C6F8C5AB-4166-4653-9792-C04A9CE3CCD5}.Debug.ActiveCfg = Debug|Win32
		{C6F8C5AB-4166-4653-9792-C04A9CE3CCD5}.Debug.Build.0 = Debug|Win32
		{C6F8C5AB-4166-4653-9792-C04A9CE3CCD5}.Release.ActiveCfg = Release|Win32
		{C6F8C5AB-4166-4653-9792-C04A9CE3CCD5}.Release.Build.0 = Release|Win32
		{7A073879-92A6-4934-B386-37AF30F27B38}.Debug.ActiveCfg = Debug|Win32
		{7A073879-92A6-4934-B386-37AF30F27B38}.Debug.Build.0 = Debug|Win32
		{7A073879-92A6-4934-B386-37AF30F27B38}.Release.ActiveCfg = Release|Win32
		{7A073879-92A6-4934-B386-37AF30F27B38}.Release.Build.0 = Release|Win32
		{39785814-94C1-4245-AA56-60ED2C0E1F41}.Debug.ActiveCfg = Debug|Win32
		{39785814-94C1-4245-AA56-60ED2C0E1F41}.Debug.Build.0 = Debug|Win32
		{39785814-94C1-4245-AA56-60ED2C0E1F41}.Release.ActiveCfg = Release|Win32
		{39785814-94C1-4245-AA56-60ED2C0E1F41}.Release.Build.0 = Release|Win32
		{E0756E58-9FF9-489C-8264-F39BF1A621AC}.Debug.ActiveCfg = Debug|Win32
		{E0756E58-9FF9-489C-8264-F39BF1A621AC}.Debug.Build.0 = Debug|Win32
		{E0756E58-9FF9-489C-8264-F39BF1A621AC}.Release.ActiveCfg = Release|Win32
		{E0756E58-9FF9-489C-8264-F39BF1A621AC}.Release.Build.0 = Release|Win32
		{2794FD11-F9A6-4145-92DE-A05F5A2E6361}.Debug.ActiveCfg = Debug|Win32
		{2794FD11-F9A6-4145-92DE-A05F5A2E6361}.Debug.Build.0 = Debug|Win32
		{2794FD11-F9A6-4145-92DE-A05F5A2E6361}.Release.ActiveCfg = Release|Win32
		{2794FD11-F9A6-4145-92DE-A05F5A2E6361}.Release.Build.0 = Release|Win32
		{D2A218BF-FAB3-4BEA-B288-E357FE003E29}.Debug.ActiveCfg = Debug|Win32
		{D2A218BF-FAB3-4BEA-B288-E357FE003E29}.Debug.Build.0 = Debug|Win32
		{D2A218BF-FAB3-4BEA-B288-E357FE003E29}.Release.ActiveCfg = Release|Win32
		{D2A218BF-FAB3-4BEA-B288-E357FE003E29}.Release.Build.0 = Release|Win32
		{13D5E98A-50A1-40DF-A992-84CE4B60B16F}.Debug.ActiveCfg = Debug|Win32
		{13D5E98A-50A1-40DF-A992-84CE4B60B16F}.Debug.Build.0 = Debug|Win32
		{13D5E98A-50A1-40DF-A992-84CE4B60B16F}.Release.ActiveCfg = Release|Win32
		{13D5E98A-50A1-40DF-A992-84CE4B60B16F}.Release.Build.0 = Release|Win32
		{A0C3B415-61DD-4E5A-B724-D13AA64DA645}.Debug.ActiveCfg = Debug|Win32
		{A0C3B415-61DD-4E5A-B724-D13AA64DA645}.Debug.Build.0 = Debug|Win32
		{A0C3B415-61DD-4E5A-B724-D13AA64DA645}.Release.ActiveCfg = Release|Win32
		{A0C3B415-61DD-4E5A-B724-D13AA64DA645}.Release.Build.0 = Release|Win32
		{E017F898-A6B6-4ACC-8955-F7E98565E00D}.Debug.ActiveCfg = Debug|Win32
		{E017F898-A6B6-4ACC-8955-F7E98565E00D}.Debug.Build.0 = Debug|Win32
		{E017F898-A6B6-4ACC-8955-F7E98565E00D}.Release.ActiveCfg = Release|Win32
		{E017F898-A6B6-4ACC-8955-F7E98565E00D}.Release.Build.0 = Release|Win32
		{DDD6E20A-8F64-443D-9428-AFB56715AA6E}.Debug.ActiveCfg = Debug|Win32
		{DDD6E20A-8F64-443D-9428-AFB56715AA6E}.Debug.Build.0 = Debug|Win32
		{DDD6E20A-8F64-443D-9428-AFB56715AA6E}.Release.ActiveCfg = Release|Win32
		{DDD6E20A-8F64-443D-9428-AFB56715AA6E}.Release.Build.0 = Release|Win32
		{EA0BB405-25E2-4B31-92D7-97316770F32B}.Debug.ActiveCfg = Debug|Win32
		{EA0BB405-25E2-4B31-92D7-97316770F32B}.Debug.Build.0 = Debug|Win32
		{EA0BB405-25E2-4B31-92D7-97316770F32B}.Release.ActiveCfg = Release|Win32
		{EA0BB405-25E2-4B31-92D7-97316770F32B}.Release.Build.0 = Release|Win32
		{14E44CF2-49E1-4D8E-B23B-28B7824ED6FB}.Debug.ActiveCfg = Debug|Win32
		{14E44CF2-49E1-4D8E-B23B-28B7824ED6FB}.Debug.Build.0 = Debug|Win32
		{14E44CF2-49E1-4D8E-B23B-28B7824ED6FB}.Release.ActiveCfg = Release|Win32
		{14E44CF2-49E1-4D8E-B23B-28B7824ED6FB}.Release.Build.0 = Release|Win32
		{5118991D-8BCF-4FE4-981C-F33C9D500E95}.Debug.ActiveCfg = Debug|Win32
		{5118991D-8BCF-4FE4-981C-F33C9D500E95}.Debug.Build.0 = Debug|Win32
		{5118991D-8BCF-4FE4-981C-F33C9D500E95}.Release.ActiveCfg = Release|Win32
		{5118991D-8BCF-4FE4-981C-F33C9D500E95}.Release.Build.0 = Release|Win32
		{2E7781DC-C6A0-445B-A32E-3F18C42EDBFF}.Debug.ActiveCfg = Debug|Win32
		{2E7781DC-C6A0-445B-A32E-3F18C42EDBFF}.Debug.Build.0 = Debug|Win32
		{2E7781DC-C6A0-445B-A32E-3F18C42EDBFF}.Release.ActiveCfg = Release|Win32
		{2E7781DC-C6A0-445B-A32E-3F18C42EDBFF}.Release.Build.0 = Release|Win32
		{9C2287FD-4991-493F-81A4-41CAA48565CE}.Debug.ActiveCfg = Debug|Win32
		{9C2287FD-4991-493F-81A4-41CAA48565CE}.Debug.Build.0 = Debug|Win32
		{9C2287FD-4991-493F-81A4-41CAA48565CE}.Release.ActiveCfg = Release|Win32
		{9C2287FD-4991-493F-81A4-41CAA48565CE}.Release.Build.0 = Release|Win32
		{333C38B9-BD2E-4D34-98DD-69E9B5E56ECB}.Debug.ActiveCfg = Debug|Win32
		{333C38B9-BD2E-4D34-98DD-69E9B5E56ECB}.Debug.Build.0 = Debug|Win32
		{333C38B9-BD2E-4D34-98DD-69E9B5E56ECB}.Release.ActiveCfg = Release|Win32
		{333C38B9-BD2E-4D34-98DD-69E9B5E56ECB}.Release.Build.0 = Release|Win32
		{02BD806D-906C-4B4A-98CA-165337BCD533}.Debug.ActiveCfg = Debug|Win32
		{02BD806D-906C-4B4A-98CA-165337BCD533}.Debug.Build.0 = Debug|Win32
		{02BD806D-906C-4B4A-98CA-165337BCD533}.Release.ActiveCfg = Release|Win32
		{02BD806D-906C-4B4A-98CA-165337BCD533}.Release.Build.0 = Release|Win32
		{577A7D54-8739-45D6-8A49-89C1E84D7E51}.Debug.ActiveCfg = Debug|Win32
		{577A7D54-8739-45D6-8A49-89C1E84D7E51}.Debug.Build.0 = Debug|Win32
		{577A7D54-8739-45D6-8A49-89C1E84D7E51}.Release.ActiveCfg = Release|Win32
		{577A7D54-8739-45D6-8A49-89C1E84D7E51}.Release.Build.0 = Release|Win32
		{D0C8AE72-6699-4198-93C3-FCA91A2B274F}.Debug.ActiveCfg = Debug|Win32
		{D0C8AE72-6699-4198-93C3-FCA91A2B274F}.Debug.Build.0 = Debug|Win32
		{D0C8AE72-6699-4198-93C3-FCA91A2B274F}.Release.ActiveCfg = Release|Win32
		{D0C8AE72-6699-4198-93C3-FCA91A2B274F}.Release.Build.0 = Release|Win32
		{9F53E773-C457-4EB0-8228-5C13156127F4}.Debug.ActiveCfg = Debug|Win32
		{9F53E773-C457-4EB0-8228-5C13156127F4}.Debug.Build.0 = Debug|Win32
		{9F53E773-C457-4EB0-8228-5C13156127F4}.Release.ActiveCfg = Release|Win32
		{9F53E773-C457-4EB0-8228-5C13156127F4}.Release.Build.0 = Release|Win32
		{6EC2E706-4704-4F93-985D-DD0945411ABE}.Debug.ActiveCfg = Debug|Win32
		{6EC2E706-4704-4F93-985D-DD0945411ABE}.Debug.Build.0 = Debug|Win32
		{6EC2E706-4704-4F93-985D-DD0945411ABE}.Release.ActiveCfg = Release|Win32
		{6EC2E706-4704-4F93-985D-DD0945411ABE}.Release.Build.0 = Release|Win32
		{8C0C9368-6222-4D60-BB8E-4BABE95F19CC}.Debug.ActiveCfg = Debug|Win32
		{8C0C9368-6222-4D60-BB8E-4BABE95F19CC}.Debug.Build.0 = Debug|Win32
		{8C0C9368-6222-4D60-BB8E-4BABE95F19CC}.Release.ActiveCfg = Release|Win32
		{8C0C9368-6222-4D60-BB8E-4BABE95F19CC}.Release.Build.0 = Release|Win32
		{68B4F899-795B-4A71-84DE-ACACC49CC9EF}.Debug.ActiveCfg = Debug|Win32
		{68B4F899-795B-4A71-84DE-ACACC49CC9EF}.Debug.Build.0 = Debug|Win32
		{68B4F899-795B-4A71-84DE-ACACC49CC9EF}.Release.ActiveCfg = Release|Win32
		{68B4F899-795B-4A71-84DE-ACACC49CC9EF}.Release.Build.0 = Release|Win32
		{4D24C1A8-67B5-4154-B758-BD9170E92BBF}.Debug.ActiveCfg = Debug|Win32
		{4D24C1A8-67B5-4154-B758-BD9170E92BBF}.Debug.Build.0 = Debug|Win32
		{4D24C1A8-67B5-4154-B758-BD9170E92BBF}.Release.ActiveCfg = Release|Win32
		{4D24C1A8-67B5-4154-B758-BD9170E92BBF}.Release.Build.0 = Release|Win32
		{AF7942C6-4E22-4544-B16B-7522DD063EE9}.Debug.ActiveCfg = Debug|Win32
		{AF7942C6-4E22-4544-B16B-7522DD063EE9}.Debug.Build.0 = Debug|Win32
		{AF7942C6-4E22-4544-B16B-7522DD063EE9}.Release.ActiveCfg = Release|Win32
		{AF7942C6-4E22-4544-B16B-7522DD063EE9}.Release.Build.0 = Release|Win32
		{450E958D-9F67-4A24-AE37-7E5C0681C2C6}.Debug.ActiveCfg = Debug|Win32
		{450E958D-9F67-4A24-AE37-7E5C0681C2C6}.Debug.Build.0 = Debug|Win32
		{450E958D-9F67-4A24-AE37-7E5C0681C2C6}.Release.ActiveCfg = Release|Win32
		{450E958D-9F67-4A24-AE37-7E5C0681C2C6}.Release.Build.0 = Release|Win32
		{B6EF1001-264C-43BB-8FF9-8F663813E1FC}.Debug.ActiveCfg = Debug|Win32
		{B6EF1001-264C-43BB-8FF9-8F663813E1FC}.Debug.Build.0 = Debug|Win32
		{B6EF1001-264C-43BB-8FF9-8F663813E1FC}.Release.ActiveCfg = Release|Win32
		{B6EF1001-264C-43BB-8FF9-8F663813E1FC}.Release.Build.0 = Release|Win32
		{97D16904-207B-4602-ADC5-4D4D34AA421D}.Debug.ActiveCfg = Debug|Win32
		{97D16904-207B-4602-ADC5-4D4D34AA421D}.Debug.Build.0 = Debug|Win32
		{97D16904-207B-4602-ADC5-4D4D34AA421D}.Release.ActiveCfg = Release|Win32
		{97D16904-207B-4602-ADC5-4D4D34AA421D}.Release.Build.0 = Release|Win32
		{61E17285-3FAB-44A5-B556-4626A3322631}.Debug.ActiveCfg = Debug|Win32
		{61E17285-3FAB-44A5-B556-4626A3322631}.Debug.Build.0 = Debug|Win32
		{61E17285-3FAB-44A5-B556-4626A3322631}.Release.ActiveCfg = Release|Win32
		{61E17285-3FAB-44A5-B556-4626A3322631}.Release.Build.0 = Release|Win32
		{055F2F38-D3AB-4A30-A8C6-A7C9A393BB30}.Debug.ActiveCfg = Debug|Win32
		{055F2F38-D3AB-4A30-A8C6-A7C9A393BB30}.Debug.Build.0 = Debug|Win32
		{055F2F38-D3AB-4A30-A8C6-A7C9A393BB30}.Release.ActiveCfg = Release|Win32
		{055F2F38-D3AB-4A30-A8C6-A7C9A393BB30}.Release.Build.0 = Release|Win32
		{A57AE857-8899-4599-AC79-D3E1A4DD4EAE}.Debug.ActiveCfg = Debug|Win32
		{A57AE857-8899-4599-AC79-D3E1A4DD4EAE}.Debug.Build.0 = Debug|Win32
		{A57AE857-8899-4599-AC79-D3E1A4DD4EAE}.Release.ActiveCfg = Release|Win32
		{A57AE857-8899-4599-AC79-D3E1A4DD4EAE}.Release.Build.0 = Release|Win32
		{205D4C24-C72D-4269-88A4-8C04595436BC}.Debug.ActiveCfg = Debug|Win32
		{205D4C24-C72D-4269-88A4-8C04595436BC}.Debug.Build.0 = Debug|Win32
		{205D4C24-C72D-4269-88A4-8C04595436BC}.Release.ActiveCfg = Release|Win32
		{205D4C24-C72D-4269-88A4-8C04595436BC}.Release.Build.0 = Release|Win32
		{6C09EE6B-A1A2-4F0D-B7B0-32647987B49A}.Debug.ActiveCfg = Debug|Win32
		{6C09EE6B-A1A2-4F0D-B7B0-32647987B49A}.Debug.Build.0 = Debug|Win32
		{6C09EE6B-A1A2-4F0D-B7B0-32647987B49A}.Release.ActiveCfg = Release|Win32
		{6C09EE6B-A1A2-4F0D-B7B0-32647987B49A}.Release.Build.0 = Release|Win32
		{DCF397A2-A67E-45CA-9087-840BC223C3DD}.Debug.ActiveCfg = Debug|Win32
		{DCF397A2-A67E-45CA-9087-840BC223C3DD}.Debug.Build.0 = Debug|Win32
		{DCF397A2-A67E-45CA-9087-840BC223C3DD}.Release.ActiveCfg = Release|Win32
		{DCF397A2-A67E-45CA-9087-840BC223C3DD}.Release.Build.0 = Release|Win32
		{34145676-AEA6-459F-BCC1-6E7C72D6B394}.Debug.ActiveCfg = Debug|Win32
		{34145676-AEA6-459F-BCC1-6E7C72D6B394}.Debug.Build.0 = Debug|Win32
		{34145676-AEA6-459F-BCC1-6E7C72D6B394}.Release.ActiveCfg = Release|Win32
		{34145676-AEA6-459F-BCC1-6E7C72D6B394}.Release.Build.0 = Release|Win32
	EndGlobalSection
	GlobalSection(ExtensibilityGlobals) = postSolution
	EndGlobalSection
	GlobalSection(ExtensibilityAddIns) = postSolution
	EndGlobalSection
EndGlobal
